// !$*UTF8*$!
{
	archiveVersion = 1;
	classes = {
	};
	objectVersion = 50;
	objects = {

/* Begin PBXBuildFile section */
		DCBB907829F935B700ABE1E6 /* AppDelegate.swift in Sources */ = {isa = PBXBuildFile; fileRef = DCBB907729F935B700ABE1E6 /* AppDelegate.swift */; };
		DCBB907A29F935B700ABE1E6 /* SceneDelegate.swift in Sources */ = {isa = PBXBuildFile; fileRef = DCBB907929F935B700ABE1E6 /* SceneDelegate.swift */; };
		DCBB907C29F935B700ABE1E6 /* ViewController.swift in Sources */ = {isa = PBXBuildFile; fileRef = DCBB907B29F935B700ABE1E6 /* ViewController.swift */; };
		DCBB907F29F935B700ABE1E6 /* Main.storyboard in Resources */ = {isa = PBXBuildFile; fileRef = DCBB907D29F935B700ABE1E6 /* Main.storyboard */; };
		DCBB908129F935B900ABE1E6 /* Assets.xcassets in Resources */ = {isa = PBXBuildFile; fileRef = DCBB908029F935B900ABE1E6 /* Assets.xcassets */; };
		DCBB908429F935B900ABE1E6 /* LaunchScreen.storyboard in Resources */ = {isa = PBXBuildFile; fileRef = DCBB908229F935B900ABE1E6 /* LaunchScreen.storyboard */; };
		DCBB908D29F93A8B00ABE1E6 /* ViewController2.swift in Sources */ = {isa = PBXBuildFile; fileRef = DCBB908C29F93A8B00ABE1E6 /* ViewController2.swift */; };
/* End PBXBuildFile section */

/* Begin PBXFileReference section */
		DCBB907429F935B700ABE1E6 /* 3D1_Erico_10.app */ = {isa = PBXFileReference; explicitFileType = wrapper.application; includeInIndex = 0; path = 3D1_Erico_10.app; sourceTree = BUILT_PRODUCTS_DIR; };
		DCBB907729F935B700ABE1E6 /* AppDelegate.swift */ = {isa = PBXFileReference; lastKnownFileType = sourcecode.swift; path = AppDelegate.swift; sourceTree = "<group>"; };
		DCBB907929F935B700ABE1E6 /* SceneDelegate.swift */ = {isa = PBXFileReference; lastKnownFileType = sourcecode.swift; path = SceneDelegate.swift; sourceTree = "<group>"; };
		DCBB907B29F935B700ABE1E6 /* ViewController.swift */ = {isa = PBXFileReference; lastKnownFileType = sourcecode.swift; path = ViewController.swift; sourceTree = "<group>"; };
		DCBB907E29F935B700ABE1E6 /* Base */ = {isa = PBXFileReference; lastKnownFileType = file.storyboard; name = Base; path = Base.lproj/Main.storyboard; sourceTree = "<group>"; };
		DCBB908029F935B900ABE1E6 /* Assets.xcassets */ = {isa = PBXFileReference; lastKnownFileType = folder.assetcatalog; path = Assets.xcassets; sourceTree = "<group>"; };
		DCBB908329F935B900ABE1E6 /* Base */ = {isa = PBXFileReference; lastKnownFileType = file.storyboard; name = Base; path = Base.lproj/LaunchScreen.storyboard; sourceTree = "<group>"; };
		DCBB908529F935B900ABE1E6 /* Info.plist */ = {isa = PBXFileReference; lastKnownFileType = text.plist.xml; path = Info.plist; sourceTree = "<group>"; };
		DCBB908C29F93A8B00ABE1E6 /* ViewController2.swift */ = {isa = PBXFileReference; lastKnownFileType = sourcecode.swift; path = ViewController2.swift; sourceTree = "<group>"; };
/* End PBXFileReference section */

/* Begin PBXFrameworksBuildPhase section */
		DCBB907129F935B700ABE1E6 /* Frameworks */ = {
			isa = PBXFrameworksBuildPhase;
			buildActionMask = 2147483647;
			files = (
			);
			runOnlyForDeploymentPostprocessing = 0;
		};
/* End PBXFrameworksBuildPhase section */

/* Begin PBXGroup section */
		DCBB906B29F935B700ABE1E6 = {
			isa = PBXGroup;
			children = (
				DCBB907629F935B700ABE1E6 /* 3D1_Erico_10 */,
				DCBB907529F935B700ABE1E6 /* Products */,
			);
			sourceTree = "<group>";
		};
		DCBB907529F935B700ABE1E6 /* Products */ = {
			isa = PBXGroup;
			children = (
				DCBB907429F935B700ABE1E6 /* 3D1_Erico_10.app */,
			);
			name = Products;
			sourceTree = "<group>";
		};
		DCBB907629F935B700ABE1E6 /* 3D1_Erico_10 */ = {
			isa = PBXGroup;
			children = (
				DCBB907729F935B700ABE1E6 /* AppDelegate.swift */,
				DCBB907929F935B700ABE1E6 /* SceneDelegate.swift */,
				DCBB907B29F935B700ABE1E6 /* ViewController.swift */,
				DCBB907D29F935B700ABE1E6 /* Main.storyboard */,
				DCBB908029F935B900ABE1E6 /* Assets.xcassets */,
				DCBB908229F935B900ABE1E6 /* LaunchScreen.storyboard */,
				DCBB908529F935B900ABE1E6 /* Info.plist */,
				DCBB908C29F93A8B00ABE1E6 /* ViewController2.swift */,
			);
			path = 3D1_Erico_10;
			sourceTree = "<group>";
		};
/* End PBXGroup section */

/* Begin PBXNativeTarget section */
		DCBB907329F935B700ABE1E6 /* 3D1_Erico_10 */ = {
			isa = PBXNativeTarget;
			buildConfigurationList = DCBB908829F935B900ABE1E6 /* Build configuration list for PBXNativeTarget "3D1_Erico_10" */;
			buildPhases = (
				DCBB907029F935B700ABE1E6 /* Sources */,
				DCBB907129F935B700ABE1E6 /* Frameworks */,
				DCBB907229F935B700ABE1E6 /* Resources */,
			);
			buildRules = (
			);
			dependencies = (
			);
			name = 3D1_Erico_10;
			productName = 3D1_Erico_10;
			productReference = DCBB907429F935B700ABE1E6 /* 3D1_Erico_10.app */;
			productType = "com.apple.product-type.application";
		};
/* End PBXNativeTarget section */

/* Begin PBXProject section */
		DCBB906C29F935B700ABE1E6 /* Project object */ = {
			isa = PBXProject;
			attributes = {
				LastSwiftUpdateCheck = 1240;
				LastUpgradeCheck = 1240;
				TargetAttributes = {
					DCBB907329F935B700ABE1E6 = {
						CreatedOnToolsVersion = 12.4;
					};
				};
			};
			buildConfigurationList = DCBB906F29F935B700ABE1E6 /* Build configuration list for PBXProject "3D1_Erico_10" */;
			compatibilityVersion = "Xcode 9.3";
			developmentRegion = en;
			hasScannedForEncodings = 0;
			knownRegions = (
				en,
				Base,
			);
			mainGroup = DCBB906B29F935B700ABE1E6;
			productRefGroup = DCBB907529F935B700ABE1E6 /* Products */;
			projectDirPath = "";
			projectRoot = "";
			targets = (
				DCBB907329F935B700ABE1E6 /* 3D1_Erico_10 */,
			);
		};
/* End PBXProject section */

/* Begin PBXResourcesBuildPhase section */
		DCBB907229F935B700ABE1E6 /* Resources */ = {
			isa = PBXResourcesBuildPhase;
			buildActionMask = 2147483647;
			files = (
				DCBB908429F935B900ABE1E6 /* LaunchScreen.storyboard in Resources */,
				DCBB908129F935B900ABE1E6 /* Assets.xcassets in Resources */,
				DCBB907F29F935B700ABE1E6 /* Main.storyboard in Resources */,
			);
			runOnlyForDeploymentPostprocessing = 0;
		};
/* End PBXResourcesBuildPhase section */

/* Begin PBXSourcesBuildPhase section */
		DCBB907029F935B700ABE1E6 /* Sources */ = {
			isa = PBXSourcesBuildPhase;
			buildActionMask = 2147483647;
			files = (
				DCBB907C29F935B700ABE1E6 /* ViewController.swift in Sources */,
				DCBB908D29F93A8B00ABE1E6 /* ViewController2.swift in Sources */,
				DCBB907829F935B700ABE1E6 /* AppDelegate.swift in Sources */,
				DCBB907A29F935B700ABE1E6 /* SceneDelegate.swift in Sources */,
			);
			runOnlyForDeploymentPostprocessing = 0;
		};
/* End PBXSourcesBuildPhase section */

/* Begin PBXVariantGroup section */
		DCBB907D29F935B700ABE1E6 /* Main.storyboard */ = {
			isa = PBXVariantGroup;
			children = (
				DCBB907E29F935B700ABE1E6 /* Base */,
			);
			name = Main.storyboard;
			sourceTree = "<group>";
		};
		DCBB908229F935B900ABE1E6 /* LaunchScreen.storyboard */ = {
			isa = PBXVariantGroup;
			children = (
				DCBB908329F935B900ABE1E6 /* Base */,
			);
			name = LaunchScreen.storyboard;
			sourceTree = "<group>";
		};
/* End PBXVariantGroup section */

/* Begin XCBuildConfiguration section */
		DCBB908629F935B900ABE1E6 /* Debug */ = {
			isa = XCBuildConfiguration;
			buildSettings = {
				ALWAYS_SEARCH_USER_PATHS = NO;
				CLANG_ANALYZER_NONNULL = YES;
				CLANG_ANALYZER_NUMBER_OBJECT_CONVERSION = YES_AGGRESSIVE;
				CLANG_CXX_LANGUAGE_STANDARD = "gnu++14";
				CLANG_CXX_LIBRARY = "libc++";
				CLANG_ENABLE_MODULES = YES;
				CLANG_ENABLE_OBJC_ARC = YES;
				CLANG_ENABLE_OBJC_WEAK = YES;
				CLANG_WARN_BLOCK_CAPTURE_AUTORELEASING = YES;
				CLANG_WARN_BOOL_CONVERSION = YES;
				CLANG_WARN_COMMA = YES;
				CLANG_WARN_CONSTANT_CONVERSION = YES;
				CLANG_WARN_DEPRECATED_OBJC_IMPLEMENTATIONS = YES;
				CLANG_WARN_DIRECT_OBJC_ISA_USAGE = YES_ERROR;
				CLANG_WARN_DOCUMENTATION_COMMENTS = YES;
				CLANG_WARN_EMPTY_BODY = YES;
				CLANG_WARN_ENUM_CONVERSION = YES;
				CLANG_WARN_INFINITE_RECURSION = YES;
				CLANG_WARN_INT_CONVERSION = YES;
				CLANG_WARN_NON_LITERAL_NULL_CONVERSION = YES;
				CLANG_WARN_OBJC_IMPLICIT_RETAIN_SELF = YES;
				CLANG_WARN_OBJC_LITERAL_CONVERSION = YES;
				CLANG_WARN_OBJC_ROOT_CLASS = YES_ERROR;
				CLANG_WARN_QUOTED_INCLUDE_IN_FRAMEWORK_HEADER = YES;
				CLANG_WARN_RANGE_LOOP_ANALYSIS = YES;
				CLANG_WARN_STRICT_PROTOTYPES = YES;
				CLANG_WARN_SUSPICIOUS_MOVE = YES;
				CLANG_WARN_UNGUARDED_AVAILABILITY = YES_AGGRESSIVE;
				CLANG_WARN_UNREACHABLE_CODE = YES;
				CLANG_WARN__DUPLICATE_METHOD_MATCH = YES;
				COPY_PHASE_STRIP = NO;
				DEBUG_INFORMATION_FORMAT = dwarf;
				ENABLE_STRICT_OBJC_MSGSEND = YES;
				ENABLE_TESTABILITY = YES;
				GCC_C_LANGUAGE_STANDARD = gnu11;
				GCC_DYNAMIC_NO_PIC = NO;
				GCC_NO_COMMON_BLOCKS = YES;
				GCC_OPTIMIZATION_LEVEL = 0;
				GCC_PREPROCESSOR_DEFINITIONS = (
					"DEBUG=1",
					"$(inherited)",
				);
				GCC_WARN_64_TO_32_BIT_CONVERSION = YES;
				GCC_WARN_ABOUT_RETURN_TYPE = YES_ERROR;
				GCC_WARN_UNDECLARED_SELECTOR = YES;
				GCC_WARN_UNINITIALIZED_AUTOS = YES_AGGRESSIVE;
				GCC_WARN_UNUSED_FUNCTION = YES;
				GCC_WARN_UNUSED_VARIABLE = YES;
				IPHONEOS_DEPLOYMENT_TARGET = 14.4;
				MTL_ENABLE_DEBUG_INFO = INCLUDE_SOURCE;
				MTL_FAST_MATH = YES;
				ONLY_ACTIVE_ARCH = YES;
				SDKROOT = iphoneos;
				SWIFT_ACTIVE_COMPILATION_CONDITIONS = DEBUG;
				SWIFT_OPTIMIZATION_LEVEL = "-Onone";
			};
			name = Debug;
		};
		DCBB908729F935B900ABE1E6 /* Release */ = {
			isa = XCBuildConfiguration;
			buildSettings = {
				ALWAYS_SEARCH_USER_PATHS = NO;
				CLANG_ANALYZER_NONNULL = YES;
				CLANG_ANALYZER_NUMBER_OBJECT_CONVERSION = YES_AGGRESSIVE;
				CLANG_CXX_LANGUAGE_STANDARD = "gnu++14";
				CLANG_CXX_LIBRARY = "libc++";
				CLANG_ENABLE_MODULES = YES;
				CLANG_ENABLE_OBJC_ARC = YES;
				CLANG_ENABLE_OBJC_WEAK = YES;
				CLANG_WARN_BLOCK_CAPTURE_AUTORELEASING = YES;
				CLANG_WARN_BOOL_CONVERSION = YES;
				CLANG_WARN_COMMA = YES;
				CLANG_WARN_CONSTANT_CONVERSION = YES;
				CLANG_WARN_DEPRECATED_OBJC_IMPLEMENTATIONS = YES;
				CLANG_WARN_DIRECT_OBJC_ISA_USAGE = YES_ERROR;
				CLANG_WARN_DOCUMENTATION_COMMENTS = YES;
				CLANG_WARN_EMPTY_BODY = YES;
				CLANG_WARN_ENUM_CONVERSION = YES;
				CLANG_WARN_INFINITE_RECURSION = YES;
				CLANG_WARN_INT_CONVERSION = YES;
				CLANG_WARN_NON_LITERAL_NULL_CONVERSION = YES;
				CLANG_WARN_OBJC_IMPLICIT_RETAIN_SELF = YES;
				CLANG_WARN_OBJC_LITERAL_CONVERSION = YES;
				CLANG_WARN_OBJC_ROOT_CLASS = YES_ERROR;
				CLANG_WARN_QUOTED_INCLUDE_IN_FRAMEWORK_HEADER = YES;
				CLANG_WARN_RANGE_LOOP_ANALYSIS = YES;
				CLANG_WARN_STRICT_PROTOTYPES = YES;
				CLANG_WARN_SUSPICIOUS_MOVE = YES;
				CLANG_WARN_UNGUARDED_AVAILABILITY = YES_AGGRESSIVE;
				CLANG_WARN_UNREACHABLE_CODE = YES;
				CLANG_WARN__DUPLICATE_METHOD_MATCH = YES;
				COPY_PHASE_STRIP = NO;
				DEBUG_INFORMATION_FORMAT = "dwarf-with-dsym";
				ENABLE_NS_ASSERTIONS = NO;
				ENABLE_STRICT_OBJC_MSGSEND = YES;
				GCC_C_LANGUAGE_STANDARD = gnu11;
				GCC_NO_COMMON_BLOCKS = YES;
				GCC_WARN_64_TO_32_BIT_CONVERSION = YES;
				GCC_WARN_ABOUT_RETURN_TYPE = YES_ERROR;
				GCC_WARN_UNDECLARED_SELECTOR = YES;
				GCC_WARN_UNINITIALIZED_AUTOS = YES_AGGRESSIVE;
				GCC_WARN_UNUSED_FUNCTION = YES;
				GCC_WARN_UNUSED_VARIABLE = YES;
				IPHONEOS_DEPLOYMENT_TARGET = 14.4;
				MTL_ENABLE_DEBUG_INFO = NO;
				MTL_FAST_MATH = YES;
				SDKROOT = iphoneos;
				SWIFT_COMPILATION_MODE = wholemodule;
				SWIFT_OPTIMIZATION_LEVEL = "-O";
				VALIDATE_PRODUCT = YES;
			};
			name = Release;
		};
		DCBB908929F935B900ABE1E6 /* Debug */ = {
			isa = XCBuildConfiguration;
			buildSettings = {
				ASSETCATALOG_COMPILER_APPICON_NAME = AppIcon;
				ASSETCATALOG_COMPILER_GLOBAL_ACCENT_COLOR_NAME = AccentColor;
				CODE_SIGN_STYLE = Automatic;
				INFOPLIST_FILE = 3D1_Erico_10/Info.plist;
				LD_RUNPATH_SEARCH_PATHS = (
					"$(inherited)",
					"@executable_path/Frameworks",
				);
				PRODUCT_BUNDLE_IDENTIFIER = "com.cotemig.-D1-Erico-10";
				PRODUCT_NAME = "$(TARGET_NAME)";
				SWIFT_VERSION = 5.0;
				TARGETED_DEVICE_FAMILY = "1,2";
			};
			name = Debug;
		};
		DCBB908A29F935B900ABE1E6 /* Release */ = {
			isa = XCBuildConfiguration;
			buildSettings = {
				ASSETCATALOG_COMPILER_APPICON_NAME = AppIcon;
				ASSETCATALOG_COMPILER_GLOBAL_ACCENT_COLOR_NAME = AccentColor;
				CODE_SIGN_STYLE = Automatic;
				INFOPLIST_FILE = 3D1_Erico_10/Info.plist;
				LD_RUNPATH_SEARCH_PATHS = (
					"$(inherited)",
					"@executable_path/Frameworks",
				);
				PRODUCT_BUNDLE_IDENTIFIER = "com.cotemig.-D1-Erico-10";
				PRODUCT_NAME = "$(TARGET_NAME)";
				SWIFT_VERSION = 5.0;
				TARGETED_DEVICE_FAMILY = "1,2";
			};
			name = Release;
		};
/* End XCBuildConfiguration section */

/* Begin XCConfigurationList section */
		DCBB906F29F935B700ABE1E6 /* Build configuration list for PBXProject "3D1_Erico_10" */ = {
			isa = XCConfigurationList;
			buildConfigurations = (
				DCBB908629F935B900ABE1E6 /* Debug */,
				DCBB908729F935B900ABE1E6 /* Release */,
			);
			defaultConfigurationIsVisible = 0;
			defaultConfigurationName = Release;
		};
		DCBB908829F935B900ABE1E6 /* Build configuration list for PBXNativeTarget "3D1_Erico_10" */ = {
			isa = XCConfigurationList;
			buildConfigurations = (
				DCBB908929F935B900ABE1E6 /* Debug */,
				DCBB908A29F935B900ABE1E6 /* Release */,
			);
			defaultConfigurationIsVisible = 0;
			defaultConfigurationName = Release;
		};
/* End XCConfigurationList section */
	};
	rootObject = DCBB906C29F935B700ABE1E6 /* Project object */;
}
