// !$*UTF8*$!
{
	archiveVersion = 1;
	classes = {
	};
	objectVersion = 50;
	objects = {

/* Begin PBXBuildFile section */
		DC5B10AB29C1F6C8000C38CB /* AppDelegate.swift in Sources */ = {isa = PBXBuildFile; fileRef = DC5B10AA29C1F6C8000C38CB /* AppDelegate.swift */; };
		DC5B10AD29C1F6C8000C38CB /* SceneDelegate.swift in Sources */ = {isa = PBXBuildFile; fileRef = DC5B10AC29C1F6C8000C38CB /* SceneDelegate.swift */; };
		DC5B10AF29C1F6C8000C38CB /* ViewController.swift in Sources */ = {isa = PBXBuildFile; fileRef = DC5B10AE29C1F6C8000C38CB /* ViewController.swift */; };
		DC5B10B229C1F6C8000C38CB /* Main.storyboard in Resources */ = {isa = PBXBuildFile; fileRef = DC5B10B029C1F6C8000C38CB /* Main.storyboard */; };
		DC5B10B429C1F6D1000C38CB /* Assets.xcassets in Resources */ = {isa = PBXBuildFile; fileRef = DC5B10B329C1F6D1000C38CB /* Assets.xcassets */; };
		DC5B10B729C1F6D1000C38CB /* LaunchScreen.storyboard in Resources */ = {isa = PBXBuildFile; fileRef = DC5B10B529C1F6D1000C38CB /* LaunchScreen.storyboard */; };
		DC91FEA729CB2A8F00463D83 /* SegundaViewController.swift in Sources */ = {isa = PBXBuildFile; fileRef = DC91FEA629CB2A8F00463D83 /* SegundaViewController.swift */; };
		DC91FEAA29CB2ACE00463D83 /* TerceiraViewController.swift in Sources */ = {isa = PBXBuildFile; fileRef = DC91FEA929CB2ACE00463D83 /* TerceiraViewController.swift */; };
/* End PBXBuildFile section */

/* Begin PBXFileReference section */
		DC5B10A729C1F6C8000C38CB /* Gabriel14_Erico10.app */ = {isa = PBXFileReference; explicitFileType = wrapper.application; includeInIndex = 0; path = Gabriel14_Erico10.app; sourceTree = BUILT_PRODUCTS_DIR; };
		DC5B10AA29C1F6C8000C38CB /* AppDelegate.swift */ = {isa = PBXFileReference; lastKnownFileType = sourcecode.swift; path = AppDelegate.swift; sourceTree = "<group>"; };
		DC5B10AC29C1F6C8000C38CB /* SceneDelegate.swift */ = {isa = PBXFileReference; lastKnownFileType = sourcecode.swift; path = SceneDelegate.swift; sourceTree = "<group>"; };
		DC5B10AE29C1F6C8000C38CB /* ViewController.swift */ = {isa = PBXFileReference; lastKnownFileType = sourcecode.swift; path = ViewController.swift; sourceTree = "<group>"; };
		DC5B10B129C1F6C8000C38CB /* Base */ = {isa = PBXFileReference; lastKnownFileType = file.storyboard; name = Base; path = Base.lproj/Main.storyboard; sourceTree = "<group>"; };
		DC5B10B329C1F6D1000C38CB /* Assets.xcassets */ = {isa = PBXFileReference; lastKnownFileType = folder.assetcatalog; path = Assets.xcassets; sourceTree = "<group>"; };
		DC5B10B629C1F6D1000C38CB /* Base */ = {isa = PBXFileReference; lastKnownFileType = file.storyboard; name = Base; path = Base.lproj/LaunchScreen.storyboard; sourceTree = "<group>"; };
		DC5B10B829C1F6D1000C38CB /* Info.plist */ = {isa = PBXFileReference; lastKnownFileType = text.plist.xml; path = Info.plist; sourceTree = "<group>"; };
		DC91FEA629CB2A8F00463D83 /* SegundaViewController.swift */ = {isa = PBXFileReference; lastKnownFileType = sourcecode.swift; path = SegundaViewController.swift; sourceTree = "<group>"; };
		DC91FEA929CB2ACE00463D83 /* TerceiraViewController.swift */ = {isa = PBXFileReference; lastKnownFileType = sourcecode.swift; path = TerceiraViewController.swift; sourceTree = "<group>"; };
/* End PBXFileReference section */

/* Begin PBXFrameworksBuildPhase section */
		DC5B10A429C1F6C8000C38CB /* Frameworks */ = {
			isa = PBXFrameworksBuildPhase;
			buildActionMask = 2147483647;
			files = (
			);
			runOnlyForDeploymentPostprocessing = 0;
		};
/* End PBXFrameworksBuildPhase section */

/* Begin PBXGroup section */
		DC5B109E29C1F6C8000C38CB = {
			isa = PBXGroup;
			children = (
				DC5B10A929C1F6C8000C38CB /* Gabriel14_Erico10 */,
				DC5B10A829C1F6C8000C38CB /* Products */,
			);
			sourceTree = "<group>";
		};
		DC5B10A829C1F6C8000C38CB /* Products */ = {
			isa = PBXGroup;
			children = (
				DC5B10A729C1F6C8000C38CB /* Gabriel14_Erico10.app */,
			);
			name = Products;
			sourceTree = "<group>";
		};
		DC5B10A929C1F6C8000C38CB /* Gabriel14_Erico10 */ = {
			isa = PBXGroup;
			children = (
				DC5B10AA29C1F6C8000C38CB /* AppDelegate.swift */,
				DC5B10AC29C1F6C8000C38CB /* SceneDelegate.swift */,
				DC5B10AE29C1F6C8000C38CB /* ViewController.swift */,
				DC5B10B029C1F6C8000C38CB /* Main.storyboard */,
				DC5B10B329C1F6D1000C38CB /* Assets.xcassets */,
				DC5B10B529C1F6D1000C38CB /* LaunchScreen.storyboard */,
				DC5B10B829C1F6D1000C38CB /* Info.plist */,
				DC91FEA629CB2A8F00463D83 /* SegundaViewController.swift */,
				DC91FEA929CB2ACE00463D83 /* TerceiraViewController.swift */,
			);
			path = Gabriel14_Erico10;
			sourceTree = "<group>";
		};
/* End PBXGroup section */

/* Begin PBXNativeTarget section */
		DC5B10A629C1F6C8000C38CB /* Gabriel14_Erico10 */ = {
			isa = PBXNativeTarget;
			buildConfigurationList = DC5B10BB29C1F6D1000C38CB /* Build configuration list for PBXNativeTarget "Gabriel14_Erico10" */;
			buildPhases = (
				DC5B10A329C1F6C8000C38CB /* Sources */,
				DC5B10A429C1F6C8000C38CB /* Frameworks */,
				DC5B10A529C1F6C8000C38CB /* Resources */,
			);
			buildRules = (
			);
			dependencies = (
			);
			name = Gabriel14_Erico10;
			productName = Gabriel14_Erico10;
			productReference = DC5B10A729C1F6C8000C38CB /* Gabriel14_Erico10.app */;
			productType = "com.apple.product-type.application";
		};
/* End PBXNativeTarget section */

/* Begin PBXProject section */
		DC5B109F29C1F6C8000C38CB /* Project object */ = {
			isa = PBXProject;
			attributes = {
				LastSwiftUpdateCheck = 1200;
				LastUpgradeCheck = 1200;
				TargetAttributes = {
					DC5B10A629C1F6C8000C38CB = {
						CreatedOnToolsVersion = 12.0.1;
					};
				};
			};
			buildConfigurationList = DC5B10A229C1F6C8000C38CB /* Build configuration list for PBXProject "Gabriel14_Erico10" */;
			compatibilityVersion = "Xcode 9.3";
			developmentRegion = en;
			hasScannedForEncodings = 0;
			knownRegions = (
				en,
				Base,
			);
			mainGroup = DC5B109E29C1F6C8000C38CB;
			productRefGroup = DC5B10A829C1F6C8000C38CB /* Products */;
			projectDirPath = "";
			projectRoot = "";
			targets = (
				DC5B10A629C1F6C8000C38CB /* Gabriel14_Erico10 */,
			);
		};
/* End PBXProject section */

/* Begin PBXResourcesBuildPhase section */
		DC5B10A529C1F6C8000C38CB /* Resources */ = {
			isa = PBXResourcesBuildPhase;
			buildActionMask = 2147483647;
			files = (
				DC5B10B729C1F6D1000C38CB /* LaunchScreen.storyboard in Resources */,
				DC5B10B429C1F6D1000C38CB /* Assets.xcassets in Resources */,
				DC5B10B229C1F6C8000C38CB /* Main.storyboard in Resources */,
			);
			runOnlyForDeploymentPostprocessing = 0;
		};
/* End PBXResourcesBuildPhase section */

/* Begin PBXSourcesBuildPhase section */
		DC5B10A329C1F6C8000C38CB /* Sources */ = {
			isa = PBXSourcesBuildPhase;
			buildActionMask = 2147483647;
			files = (
				DC91FEA729CB2A8F00463D83 /* SegundaViewController.swift in Sources */,
				DC5B10AF29C1F6C8000C38CB /* ViewController.swift in Sources */,
				DC5B10AB29C1F6C8000C38CB /* AppDelegate.swift in Sources */,
				DC5B10AD29C1F6C8000C38CB /* SceneDelegate.swift in Sources */,
				DC91FEAA29CB2ACE00463D83 /* TerceiraViewController.swift in Sources */,
			);
			runOnlyForDeploymentPostprocessing = 0;
		};
/* End PBXSourcesBuildPhase section */

/* Begin PBXVariantGroup section */
		DC5B10B029C1F6C8000C38CB /* Main.storyboard */ = {
			isa = PBXVariantGroup;
			children = (
				DC5B10B129C1F6C8000C38CB /* Base */,
			);
			name = Main.storyboard;
			sourceTree = "<group>";
		};
		DC5B10B529C1F6D1000C38CB /* LaunchScreen.storyboard */ = {
			isa = PBXVariantGroup;
			children = (
				DC5B10B629C1F6D1000C38CB /* Base */,
			);
			name = LaunchScreen.storyboard;
			sourceTree = "<group>";
		};
/* End PBXVariantGroup section */

/* Begin XCBuildConfiguration section */
		DC5B10B929C1F6D1000C38CB /* Debug */ = {
			isa = XCBuildConfiguration;
			buildSettings = {
				ALWAYS_SEARCH_USER_PATHS = NO;
				CLANG_ANALYZER_NONNULL = YES;
				CLANG_ANALYZER_NUMBER_OBJECT_CONVERSION = YES_AGGRESSIVE;
				CLANG_CXX_LANGUAGE_STANDARD = "gnu++14";
				CLANG_CXX_LIBRARY = "libc++";
				CLANG_ENABLE_MODULES = YES;
				CLANG_ENABLE_OBJC_ARC = YES;
				CLANG_ENABLE_OBJC_WEAK = YES;
				CLANG_WARN_BLOCK_CAPTURE_AUTORELEASING = YES;
				CLANG_WARN_BOOL_CONVERSION = YES;
				CLANG_WARN_COMMA = YES;
				CLANG_WARN_CONSTANT_CONVERSION = YES;
				CLANG_WARN_DEPRECATED_OBJC_IMPLEMENTATIONS = YES;
				CLANG_WARN_DIRECT_OBJC_ISA_USAGE = YES_ERROR;
				CLANG_WARN_DOCUMENTATION_COMMENTS = YES;
				CLANG_WARN_EMPTY_BODY = YES;
				CLANG_WARN_ENUM_CONVERSION = YES;
				CLANG_WARN_INFINITE_RECURSION = YES;
				CLANG_WARN_INT_CONVERSION = YES;
				CLANG_WARN_NON_LITERAL_NULL_CONVERSION = YES;
				CLANG_WARN_OBJC_IMPLICIT_RETAIN_SELF = YES;
				CLANG_WARN_OBJC_LITERAL_CONVERSION = YES;
				CLANG_WARN_OBJC_ROOT_CLASS = YES_ERROR;
				CLANG_WARN_QUOTED_INCLUDE_IN_FRAMEWORK_HEADER = YES;
				CLANG_WARN_RANGE_LOOP_ANALYSIS = YES;
				CLANG_WARN_STRICT_PROTOTYPES = YES;
				CLANG_WARN_SUSPICIOUS_MOVE = YES;
				CLANG_WARN_UNGUARDED_AVAILABILITY = YES_AGGRESSIVE;
				CLANG_WARN_UNREACHABLE_CODE = YES;
				CLANG_WARN__DUPLICATE_METHOD_MATCH = YES;
				COPY_PHASE_STRIP = NO;
				DEBUG_INFORMATION_FORMAT = dwarf;
				ENABLE_STRICT_OBJC_MSGSEND = YES;
				ENABLE_TESTABILITY = YES;
				GCC_C_LANGUAGE_STANDARD = gnu11;
				GCC_DYNAMIC_NO_PIC = NO;
				GCC_NO_COMMON_BLOCKS = YES;
				GCC_OPTIMIZATION_LEVEL = 0;
				GCC_PREPROCESSOR_DEFINITIONS = (
					"DEBUG=1",
					"$(inherited)",
				);
				GCC_WARN_64_TO_32_BIT_CONVERSION = YES;
				GCC_WARN_ABOUT_RETURN_TYPE = YES_ERROR;
				GCC_WARN_UNDECLARED_SELECTOR = YES;
				GCC_WARN_UNINITIALIZED_AUTOS = YES_AGGRESSIVE;
				GCC_WARN_UNUSED_FUNCTION = YES;
				GCC_WARN_UNUSED_VARIABLE = YES;
				IPHONEOS_DEPLOYMENT_TARGET = 14.0;
				MTL_ENABLE_DEBUG_INFO = INCLUDE_SOURCE;
				MTL_FAST_MATH = YES;
				ONLY_ACTIVE_ARCH = YES;
				SDKROOT = iphoneos;
				SWIFT_ACTIVE_COMPILATION_CONDITIONS = DEBUG;
				SWIFT_OPTIMIZATION_LEVEL = "-Onone";
			};
			name = Debug;
		};
		DC5B10BA29C1F6D1000C38CB /* Release */ = {
			isa = XCBuildConfiguration;
			buildSettings = {
				ALWAYS_SEARCH_USER_PATHS = NO;
				CLANG_ANALYZER_NONNULL = YES;
				CLANG_ANALYZER_NUMBER_OBJECT_CONVERSION = YES_AGGRESSIVE;
				CLANG_CXX_LANGUAGE_STANDARD = "gnu++14";
				CLANG_CXX_LIBRARY = "libc++";
				CLANG_ENABLE_MODULES = YES;
				CLANG_ENABLE_OBJC_ARC = YES;
				CLANG_ENABLE_OBJC_WEAK = YES;
				CLANG_WARN_BLOCK_CAPTURE_AUTORELEASING = YES;
				CLANG_WARN_BOOL_CONVERSION = YES;
				CLANG_WARN_COMMA = YES;
				CLANG_WARN_CONSTANT_CONVERSION = YES;
				CLANG_WARN_DEPRECATED_OBJC_IMPLEMENTATIONS = YES;
				CLANG_WARN_DIRECT_OBJC_ISA_USAGE = YES_ERROR;
				CLANG_WARN_DOCUMENTATION_COMMENTS = YES;
				CLANG_WARN_EMPTY_BODY = YES;
				CLANG_WARN_ENUM_CONVERSION = YES;
				CLANG_WARN_INFINITE_RECURSION = YES;
				CLANG_WARN_INT_CONVERSION = YES;
				CLANG_WARN_NON_LITERAL_NULL_CONVERSION = YES;
				CLANG_WARN_OBJC_IMPLICIT_RETAIN_SELF = YES;
				CLANG_WARN_OBJC_LITERAL_CONVERSION = YES;
				CLANG_WARN_OBJC_ROOT_CLASS = YES_ERROR;
				CLANG_WARN_QUOTED_INCLUDE_IN_FRAMEWORK_HEADER = YES;
				CLANG_WARN_RANGE_LOOP_ANALYSIS = YES;
				CLANG_WARN_STRICT_PROTOTYPES = YES;
				CLANG_WARN_SUSPICIOUS_MOVE = YES;
				CLANG_WARN_UNGUARDED_AVAILABILITY = YES_AGGRESSIVE;
				CLANG_WARN_UNREACHABLE_CODE = YES;
				CLANG_WARN__DUPLICATE_METHOD_MATCH = YES;
				COPY_PHASE_STRIP = NO;
				DEBUG_INFORMATION_FORMAT = "dwarf-with-dsym";
				ENABLE_NS_ASSERTIONS = NO;
				ENABLE_STRICT_OBJC_MSGSEND = YES;
				GCC_C_LANGUAGE_STANDARD = gnu11;
				GCC_NO_COMMON_BLOCKS = YES;
				GCC_WARN_64_TO_32_BIT_CONVERSION = YES;
				GCC_WARN_ABOUT_RETURN_TYPE = YES_ERROR;
				GCC_WARN_UNDECLARED_SELECTOR = YES;
				GCC_WARN_UNINITIALIZED_AUTOS = YES_AGGRESSIVE;
				GCC_WARN_UNUSED_FUNCTION = YES;
				GCC_WARN_UNUSED_VARIABLE = YES;
				IPHONEOS_DEPLOYMENT_TARGET = 14.0;
				MTL_ENABLE_DEBUG_INFO = NO;
				MTL_FAST_MATH = YES;
				SDKROOT = iphoneos;
				SWIFT_COMPILATION_MODE = wholemodule;
				SWIFT_OPTIMIZATION_LEVEL = "-O";
				VALIDATE_PRODUCT = YES;
			};
			name = Release;
		};
		DC5B10BC29C1F6D1000C38CB /* Debug */ = {
			isa = XCBuildConfiguration;
			buildSettings = {
				ASSETCATALOG_COMPILER_APPICON_NAME = AppIcon;
				ASSETCATALOG_COMPILER_GLOBAL_ACCENT_COLOR_NAME = AccentColor;
				CODE_SIGN_STYLE = Automatic;
				INFOPLIST_FILE = Gabriel14_Erico10/Info.plist;
				LD_RUNPATH_SEARCH_PATHS = (
					"$(inherited)",
					"@executable_path/Frameworks",
				);
				PRODUCT_BUNDLE_IDENTIFIER = "com.cotemig.Gabriel14-Erico10";
				PRODUCT_NAME = "$(TARGET_NAME)";
				SWIFT_VERSION = 5.0;
				TARGETED_DEVICE_FAMILY = "1,2";
			};
			name = Debug;
		};
		DC5B10BD29C1F6D1000C38CB /* Release */ = {
			isa = XCBuildConfiguration;
			buildSettings = {
				ASSETCATALOG_COMPILER_APPICON_NAME = AppIcon;
				ASSETCATALOG_COMPILER_GLOBAL_ACCENT_COLOR_NAME = AccentColor;
				CODE_SIGN_STYLE = Automatic;
				INFOPLIST_FILE = Gabriel14_Erico10/Info.plist;
				LD_RUNPATH_SEARCH_PATHS = (
					"$(inherited)",
					"@executable_path/Frameworks",
				);
				PRODUCT_BUNDLE_IDENTIFIER = "com.cotemig.Gabriel14-Erico10";
				PRODUCT_NAME = "$(TARGET_NAME)";
				SWIFT_VERSION = 5.0;
				TARGETED_DEVICE_FAMILY = "1,2";
			};
			name = Release;
		};
/* End XCBuildConfiguration section */

/* Begin XCConfigurationList section */
		DC5B10A229C1F6C8000C38CB /* Build configuration list for PBXProject "Gabriel14_Erico10" */ = {
			isa = XCConfigurationList;
			buildConfigurations = (
				DC5B10B929C1F6D1000C38CB /* Debug */,
				DC5B10BA29C1F6D1000C38CB /* Release */,
			);
			defaultConfigurationIsVisible = 0;
			defaultConfigurationName = Release;
		};
		DC5B10BB29C1F6D1000C38CB /* Build configuration list for PBXNativeTarget "Gabriel14_Erico10" */ = {
			isa = XCConfigurationList;
			buildConfigurations = (
				DC5B10BC29C1F6D1000C38CB /* Debug */,
				DC5B10BD29C1F6D1000C38CB /* Release */,
			);
			defaultConfigurationIsVisible = 0;
			defaultConfigurationName = Release;
		};
/* End XCConfigurationList section */
	};
	rootObject = DC5B109F29C1F6C8000C38CB /* Project object */;
}
