// !$*UTF8*$!
{
	archiveVersion = 1;
	classes = {
	};
	objectVersion = 50;
	objects = {

/* Begin PBXBuildFile section */
		DCC6D06129D4620D00EE9884 /* AppDelegate.swift in Sources */ = {isa = PBXBuildFile; fileRef = DCC6D06029D4620D00EE9884 /* AppDelegate.swift */; };
		DCC6D06329D4620D00EE9884 /* SceneDelegate.swift in Sources */ = {isa = PBXBuildFile; fileRef = DCC6D06229D4620D00EE9884 /* SceneDelegate.swift */; };
		DCC6D06529D4620D00EE9884 /* ViewController.swift in Sources */ = {isa = PBXBuildFile; fileRef = DCC6D06429D4620D00EE9884 /* ViewController.swift */; };
		DCC6D06829D4620D00EE9884 /* Main.storyboard in Resources */ = {isa = PBXBuildFile; fileRef = DCC6D06629D4620D00EE9884 /* Main.storyboard */; };
		DCC6D06A29D4620D00EE9884 /* Assets.xcassets in Resources */ = {isa = PBXBuildFile; fileRef = DCC6D06929D4620D00EE9884 /* Assets.xcassets */; };
		DCC6D06D29D4620D00EE9884 /* LaunchScreen.storyboard in Resources */ = {isa = PBXBuildFile; fileRef = DCC6D06B29D4620D00EE9884 /* LaunchScreen.storyboard */; };
		DCC6D07829D4684100EE9884 /* SegundaViewController.swift in Sources */ = {isa = PBXBuildFile; fileRef = DCC6D07729D4684000EE9884 /* SegundaViewController.swift */; };
/* End PBXBuildFile section */

/* Begin PBXFileReference section */
		DCC6D05D29D4620D00EE9884 /* Erico10.app */ = {isa = PBXFileReference; explicitFileType = wrapper.application; includeInIndex = 0; path = Erico10.app; sourceTree = BUILT_PRODUCTS_DIR; };
		DCC6D06029D4620D00EE9884 /* AppDelegate.swift */ = {isa = PBXFileReference; lastKnownFileType = sourcecode.swift; path = AppDelegate.swift; sourceTree = "<group>"; };
		DCC6D06229D4620D00EE9884 /* SceneDelegate.swift */ = {isa = PBXFileReference; lastKnownFileType = sourcecode.swift; path = SceneDelegate.swift; sourceTree = "<group>"; };
		DCC6D06429D4620D00EE9884 /* ViewController.swift */ = {isa = PBXFileReference; lastKnownFileType = sourcecode.swift; path = ViewController.swift; sourceTree = "<group>"; };
		DCC6D06729D4620D00EE9884 /* Base */ = {isa = PBXFileReference; lastKnownFileType = file.storyboard; name = Base; path = Base.lproj/Main.storyboard; sourceTree = "<group>"; };
		DCC6D06929D4620D00EE9884 /* Assets.xcassets */ = {isa = PBXFileReference; lastKnownFileType = folder.assetcatalog; path = Assets.xcassets; sourceTree = "<group>"; };
		DCC6D06C29D4620D00EE9884 /* Base */ = {isa = PBXFileReference; lastKnownFileType = file.storyboard; name = Base; path = Base.lproj/LaunchScreen.storyboard; sourceTree = "<group>"; };
		DCC6D06E29D4620D00EE9884 /* Info.plist */ = {isa = PBXFileReference; lastKnownFileType = text.plist.xml; path = Info.plist; sourceTree = "<group>"; };
		DCC6D07729D4684000EE9884 /* SegundaViewController.swift */ = {isa = PBXFileReference; lastKnownFileType = sourcecode.swift; path = SegundaViewController.swift; sourceTree = "<group>"; };
/* End PBXFileReference section */

/* Begin PBXFrameworksBuildPhase section */
		DCC6D05A29D4620D00EE9884 /* Frameworks */ = {
			isa = PBXFrameworksBuildPhase;
			buildActionMask = 2147483647;
			files = (
			);
			runOnlyForDeploymentPostprocessing = 0;
		};
/* End PBXFrameworksBuildPhase section */

/* Begin PBXGroup section */
		DCC6D05429D4620C00EE9884 = {
			isa = PBXGroup;
			children = (
				DCC6D05F29D4620D00EE9884 /* Erico10 */,
				DCC6D05E29D4620D00EE9884 /* Products */,
			);
			sourceTree = "<group>";
		};
		DCC6D05E29D4620D00EE9884 /* Products */ = {
			isa = PBXGroup;
			children = (
				DCC6D05D29D4620D00EE9884 /* Erico10.app */,
			);
			name = Products;
			sourceTree = "<group>";
		};
		DCC6D05F29D4620D00EE9884 /* Erico10 */ = {
			isa = PBXGroup;
			children = (
				DCC6D06029D4620D00EE9884 /* AppDelegate.swift */,
				DCC6D06229D4620D00EE9884 /* SceneDelegate.swift */,
				DCC6D06429D4620D00EE9884 /* ViewController.swift */,
				DCC6D06629D4620D00EE9884 /* Main.storyboard */,
				DCC6D06929D4620D00EE9884 /* Assets.xcassets */,
				DCC6D06B29D4620D00EE9884 /* LaunchScreen.storyboard */,
				DCC6D06E29D4620D00EE9884 /* Info.plist */,
				DCC6D07729D4684000EE9884 /* SegundaViewController.swift */,
			);
			path = Erico10;
			sourceTree = "<group>";
		};
/* End PBXGroup section */

/* Begin PBXNativeTarget section */
		DCC6D05C29D4620D00EE9884 /* Erico10 */ = {
			isa = PBXNativeTarget;
			buildConfigurationList = DCC6D07129D4620D00EE9884 /* Build configuration list for PBXNativeTarget "Erico10" */;
			buildPhases = (
				DCC6D05929D4620D00EE9884 /* Sources */,
				DCC6D05A29D4620D00EE9884 /* Frameworks */,
				DCC6D05B29D4620D00EE9884 /* Resources */,
			);
			buildRules = (
			);
			dependencies = (
			);
			name = Erico10;
			productName = Erico10;
			productReference = DCC6D05D29D4620D00EE9884 /* Erico10.app */;
			productType = "com.apple.product-type.application";
		};
/* End PBXNativeTarget section */

/* Begin PBXProject section */
		DCC6D05529D4620C00EE9884 /* Project object */ = {
			isa = PBXProject;
			attributes = {
				LastSwiftUpdateCheck = 1240;
				LastUpgradeCheck = 1240;
				TargetAttributes = {
					DCC6D05C29D4620D00EE9884 = {
						CreatedOnToolsVersion = 12.4;
					};
				};
			};
			buildConfigurationList = DCC6D05829D4620C00EE9884 /* Build configuration list for PBXProject "Erico10" */;
			compatibilityVersion = "Xcode 9.3";
			developmentRegion = en;
			hasScannedForEncodings = 0;
			knownRegions = (
				en,
				Base,
			);
			mainGroup = DCC6D05429D4620C00EE9884;
			productRefGroup = DCC6D05E29D4620D00EE9884 /* Products */;
			projectDirPath = "";
			projectRoot = "";
			targets = (
				DCC6D05C29D4620D00EE9884 /* Erico10 */,
			);
		};
/* End PBXProject section */

/* Begin PBXResourcesBuildPhase section */
		DCC6D05B29D4620D00EE9884 /* Resources */ = {
			isa = PBXResourcesBuildPhase;
			buildActionMask = 2147483647;
			files = (
				DCC6D06D29D4620D00EE9884 /* LaunchScreen.storyboard in Resources */,
				DCC6D06A29D4620D00EE9884 /* Assets.xcassets in Resources */,
				DCC6D06829D4620D00EE9884 /* Main.storyboard in Resources */,
			);
			runOnlyForDeploymentPostprocessing = 0;
		};
/* End PBXResourcesBuildPhase section */

/* Begin PBXSourcesBuildPhase section */
		DCC6D05929D4620D00EE9884 /* Sources */ = {
			isa = PBXSourcesBuildPhase;
			buildActionMask = 2147483647;
			files = (
				DCC6D07829D4684100EE9884 /* SegundaViewController.swift in Sources */,
				DCC6D06529D4620D00EE9884 /* ViewController.swift in Sources */,
				DCC6D06129D4620D00EE9884 /* AppDelegate.swift in Sources */,
				DCC6D06329D4620D00EE9884 /* SceneDelegate.swift in Sources */,
			);
			runOnlyForDeploymentPostprocessing = 0;
		};
/* End PBXSourcesBuildPhase section */

/* Begin PBXVariantGroup section */
		DCC6D06629D4620D00EE9884 /* Main.storyboard */ = {
			isa = PBXVariantGroup;
			children = (
				DCC6D06729D4620D00EE9884 /* Base */,
			);
			name = Main.storyboard;
			sourceTree = "<group>";
		};
		DCC6D06B29D4620D00EE9884 /* LaunchScreen.storyboard */ = {
			isa = PBXVariantGroup;
			children = (
				DCC6D06C29D4620D00EE9884 /* Base */,
			);
			name = LaunchScreen.storyboard;
			sourceTree = "<group>";
		};
/* End PBXVariantGroup section */

/* Begin XCBuildConfiguration section */
		DCC6D06F29D4620D00EE9884 /* Debug */ = {
			isa = XCBuildConfiguration;
			buildSettings = {
				ALWAYS_SEARCH_USER_PATHS = NO;
				CLANG_ANALYZER_NONNULL = YES;
				CLANG_ANALYZER_NUMBER_OBJECT_CONVERSION = YES_AGGRESSIVE;
				CLANG_CXX_LANGUAGE_STANDARD = "gnu++14";
				CLANG_CXX_LIBRARY = "libc++";
				CLANG_ENABLE_MODULES = YES;
				CLANG_ENABLE_OBJC_ARC = YES;
				CLANG_ENABLE_OBJC_WEAK = YES;
				CLANG_WARN_BLOCK_CAPTURE_AUTORELEASING = YES;
				CLANG_WARN_BOOL_CONVERSION = YES;
				CLANG_WARN_COMMA = YES;
				CLANG_WARN_CONSTANT_CONVERSION = YES;
				CLANG_WARN_DEPRECATED_OBJC_IMPLEMENTATIONS = YES;
				CLANG_WARN_DIRECT_OBJC_ISA_USAGE = YES_ERROR;
				CLANG_WARN_DOCUMENTATION_COMMENTS = YES;
				CLANG_WARN_EMPTY_BODY = YES;
				CLANG_WARN_ENUM_CONVERSION = YES;
				CLANG_WARN_INFINITE_RECURSION = YES;
				CLANG_WARN_INT_CONVERSION = YES;
				CLANG_WARN_NON_LITERAL_NULL_CONVERSION = YES;
				CLANG_WARN_OBJC_IMPLICIT_RETAIN_SELF = YES;
				CLANG_WARN_OBJC_LITERAL_CONVERSION = YES;
				CLANG_WARN_OBJC_ROOT_CLASS = YES_ERROR;
				CLANG_WARN_QUOTED_INCLUDE_IN_FRAMEWORK_HEADER = YES;
				CLANG_WARN_RANGE_LOOP_ANALYSIS = YES;
				CLANG_WARN_STRICT_PROTOTYPES = YES;
				CLANG_WARN_SUSPICIOUS_MOVE = YES;
				CLANG_WARN_UNGUARDED_AVAILABILITY = YES_AGGRESSIVE;
				CLANG_WARN_UNREACHABLE_CODE = YES;
				CLANG_WARN__DUPLICATE_METHOD_MATCH = YES;
				COPY_PHASE_STRIP = NO;
				DEBUG_INFORMATION_FORMAT = dwarf;
				ENABLE_STRICT_OBJC_MSGSEND = YES;
				ENABLE_TESTABILITY = YES;
				GCC_C_LANGUAGE_STANDARD = gnu11;
				GCC_DYNAMIC_NO_PIC = NO;
				GCC_NO_COMMON_BLOCKS = YES;
				GCC_OPTIMIZATION_LEVEL = 0;
				GCC_PREPROCESSOR_DEFINITIONS = (
					"DEBUG=1",
					"$(inherited)",
				);
				GCC_WARN_64_TO_32_BIT_CONVERSION = YES;
				GCC_WARN_ABOUT_RETURN_TYPE = YES_ERROR;
				GCC_WARN_UNDECLARED_SELECTOR = YES;
				GCC_WARN_UNINITIALIZED_AUTOS = YES_AGGRESSIVE;
				GCC_WARN_UNUSED_FUNCTION = YES;
				GCC_WARN_UNUSED_VARIABLE = YES;
				IPHONEOS_DEPLOYMENT_TARGET = 14.4;
				MTL_ENABLE_DEBUG_INFO = INCLUDE_SOURCE;
				MTL_FAST_MATH = YES;
				ONLY_ACTIVE_ARCH = YES;
				SDKROOT = iphoneos;
				SWIFT_ACTIVE_COMPILATION_CONDITIONS = DEBUG;
				SWIFT_OPTIMIZATION_LEVEL = "-Onone";
			};
			name = Debug;
		};
		DCC6D07029D4620D00EE9884 /* Release */ = {
			isa = XCBuildConfiguration;
			buildSettings = {
				ALWAYS_SEARCH_USER_PATHS = NO;
				CLANG_ANALYZER_NONNULL = YES;
				CLANG_ANALYZER_NUMBER_OBJECT_CONVERSION = YES_AGGRESSIVE;
				CLANG_CXX_LANGUAGE_STANDARD = "gnu++14";
				CLANG_CXX_LIBRARY = "libc++";
				CLANG_ENABLE_MODULES = YES;
				CLANG_ENABLE_OBJC_ARC = YES;
				CLANG_ENABLE_OBJC_WEAK = YES;
				CLANG_WARN_BLOCK_CAPTURE_AUTORELEASING = YES;
				CLANG_WARN_BOOL_CONVERSION = YES;
				CLANG_WARN_COMMA = YES;
				CLANG_WARN_CONSTANT_CONVERSION = YES;
				CLANG_WARN_DEPRECATED_OBJC_IMPLEMENTATIONS = YES;
				CLANG_WARN_DIRECT_OBJC_ISA_USAGE = YES_ERROR;
				CLANG_WARN_DOCUMENTATION_COMMENTS = YES;
				CLANG_WARN_EMPTY_BODY = YES;
				CLANG_WARN_ENUM_CONVERSION = YES;
				CLANG_WARN_INFINITE_RECURSION = YES;
				CLANG_WARN_INT_CONVERSION = YES;
				CLANG_WARN_NON_LITERAL_NULL_CONVERSION = YES;
				CLANG_WARN_OBJC_IMPLICIT_RETAIN_SELF = YES;
				CLANG_WARN_OBJC_LITERAL_CONVERSION = YES;
				CLANG_WARN_OBJC_ROOT_CLASS = YES_ERROR;
				CLANG_WARN_QUOTED_INCLUDE_IN_FRAMEWORK_HEADER = YES;
				CLANG_WARN_RANGE_LOOP_ANALYSIS = YES;
				CLANG_WARN_STRICT_PROTOTYPES = YES;
				CLANG_WARN_SUSPICIOUS_MOVE = YES;
				CLANG_WARN_UNGUARDED_AVAILABILITY = YES_AGGRESSIVE;
				CLANG_WARN_UNREACHABLE_CODE = YES;
				CLANG_WARN__DUPLICATE_METHOD_MATCH = YES;
				COPY_PHASE_STRIP = NO;
				DEBUG_INFORMATION_FORMAT = "dwarf-with-dsym";
				ENABLE_NS_ASSERTIONS = NO;
				ENABLE_STRICT_OBJC_MSGSEND = YES;
				GCC_C_LANGUAGE_STANDARD = gnu11;
				GCC_NO_COMMON_BLOCKS = YES;
				GCC_WARN_64_TO_32_BIT_CONVERSION = YES;
				GCC_WARN_ABOUT_RETURN_TYPE = YES_ERROR;
				GCC_WARN_UNDECLARED_SELECTOR = YES;
				GCC_WARN_UNINITIALIZED_AUTOS = YES_AGGRESSIVE;
				GCC_WARN_UNUSED_FUNCTION = YES;
				GCC_WARN_UNUSED_VARIABLE = YES;
				IPHONEOS_DEPLOYMENT_TARGET = 14.4;
				MTL_ENABLE_DEBUG_INFO = NO;
				MTL_FAST_MATH = YES;
				SDKROOT = iphoneos;
				SWIFT_COMPILATION_MODE = wholemodule;
				SWIFT_OPTIMIZATION_LEVEL = "-O";
				VALIDATE_PRODUCT = YES;
			};
			name = Release;
		};
		DCC6D07229D4620D00EE9884 /* Debug */ = {
			isa = XCBuildConfiguration;
			buildSettings = {
				ASSETCATALOG_COMPILER_APPICON_NAME = AppIcon;
				ASSETCATALOG_COMPILER_GLOBAL_ACCENT_COLOR_NAME = AccentColor;
				CODE_SIGN_STYLE = Automatic;
				INFOPLIST_FILE = Erico10/Info.plist;
				LD_RUNPATH_SEARCH_PATHS = (
					"$(inherited)",
					"@executable_path/Frameworks",
				);
				PRODUCT_BUNDLE_IDENTIFIER = com.cotemig.Erico10;
				PRODUCT_NAME = "$(TARGET_NAME)";
				SWIFT_VERSION = 5.0;
				TARGETED_DEVICE_FAMILY = "1,2";
			};
			name = Debug;
		};
		DCC6D07329D4620D00EE9884 /* Release */ = {
			isa = XCBuildConfiguration;
			buildSettings = {
				ASSETCATALOG_COMPILER_APPICON_NAME = AppIcon;
				ASSETCATALOG_COMPILER_GLOBAL_ACCENT_COLOR_NAME = AccentColor;
				CODE_SIGN_STYLE = Automatic;
				INFOPLIST_FILE = Erico10/Info.plist;
				LD_RUNPATH_SEARCH_PATHS = (
					"$(inherited)",
					"@executable_path/Frameworks",
				);
				PRODUCT_BUNDLE_IDENTIFIER = com.cotemig.Erico10;
				PRODUCT_NAME = "$(TARGET_NAME)";
				SWIFT_VERSION = 5.0;
				TARGETED_DEVICE_FAMILY = "1,2";
			};
			name = Release;
		};
/* End XCBuildConfiguration section */

/* Begin XCConfigurationList section */
		DCC6D05829D4620C00EE9884 /* Build configuration list for PBXProject "Erico10" */ = {
			isa = XCConfigurationList;
			buildConfigurations = (
				DCC6D06F29D4620D00EE9884 /* Debug */,
				DCC6D07029D4620D00EE9884 /* Release */,
			);
			defaultConfigurationIsVisible = 0;
			defaultConfigurationName = Release;
		};
		DCC6D07129D4620D00EE9884 /* Build configuration list for PBXNativeTarget "Erico10" */ = {
			isa = XCConfigurationList;
			buildConfigurations = (
				DCC6D07229D4620D00EE9884 /* Debug */,
				DCC6D07329D4620D00EE9884 /* Release */,
			);
			defaultConfigurationIsVisible = 0;
			defaultConfigurationName = Release;
		};
/* End XCConfigurationList section */
	};
	rootObject = DCC6D05529D4620C00EE9884 /* Project object */;
}
